
Microsoft Visual Studio Solution File, Format Version 10.00
# Visual Studio 2008
Project("{FAE04EC0-301F-11D3-BF4B-00C04F79EFBC}") = "CMAInterestCalc", "CMAInterestCalc\CMAInterestCalc.csproj", "{39527D2F-19F3-4736-B27D-B67C7A451967}"
EndProject
Global
	GlobalSection(SolutionConfigurationPlatforms) = preSolution
		Debug|Any CPU = Debug|Any CPU
		Release|Any CPU = Release|Any CPU
	EndGlobalSection
	GlobalSection(ProjectConfigurationPlatforms) = postSolution
		{39527D2F-19F3-4736-B27D-B67C7A451967}.Debug|Any CPU.ActiveCfg = Debug|Any CPU
		{39527D2F-19F3-4736-B27D-B67C7A451967}.Debug|Any CPU.Build.0 = Debug|Any CPU
		{39527D2F-19F3-4736-B27D-B67C7A451967}.Release|Any CPU.ActiveCfg = Release|Any CPU
		{39527D2F-19F3-4736-B27D-B67C7A451967}.Release|Any CPU.Build.0 = Release|Any CPU
	EndGlobalSection
	GlobalSection(SolutionProperties) = preSolution
		HideSolutionNode = FALSE
	EndGlobalSection
EndGlobal
