
Microsoft Visual Studio Solution File, Format Version 10.00
# Visual Studio 2008
Project("{8BC9CEB8-8B4A-11D0-8D11-00A0C91BC942}") = "fileenc", "fileenc\fileenc.vcproj", "{416A075C-46D1-40E6-AC78-30C32E8ABC04}"
EndProject
Global
	GlobalSection(SolutionConfigurationPlatforms) = preSolution
		Debug|Win32 = Debug|Win32
		Release|Win32 = Release|Win32
	EndGlobalSection
	GlobalSection(ProjectConfigurationPlatforms) = postSolution
		{416A075C-46D1-40E6-AC78-30C32E8ABC04}.Debug|Win32.ActiveCfg = Debug|Win32
		{416A075C-46D1-40E6-AC78-30C32E8ABC04}.Debug|Win32.Build.0 = Debug|Win32
		{416A075C-46D1-40E6-AC78-30C32E8ABC04}.Release|Win32.ActiveCfg = Release|Win32
		{416A075C-46D1-40E6-AC78-30C32E8ABC04}.Release|Win32.Build.0 = Release|Win32
	EndGlobalSection
	GlobalSection(SolutionProperties) = preSolution
		HideSolutionNode = FALSE
	EndGlobalSection
EndGlobal
